
Microsoft Visual Studio Solution File, Format Version 12.00
# Visual Studio Version 17
VisualStudioVersion = 17.0.31903.59
MinimumVisualStudioVersion = 10.0.40219.1
Project("{FAE04EC0-301F-11D3-BF4B-00C04F79EFBC}") = "CustomerImport.Logic", "CustomerImport.Logic\CustomerImport.Logic.csproj", "{7943AC47-5863-4500-BD0E-F6B020868FA5}"
EndProject
Project("{FAE04EC0-301F-11D3-BF4B-00C04F79EFBC}") = "CustomerImport.UnitTests", "CustomerImport.UnitTests\CustomerImport.UnitTests.csproj", "{2313A7CA-7069-494B-AFA3-4E38BE0AD8F5}"
EndProject
Global
	GlobalSection(SolutionConfigurationPlatforms) = preSolution
		Debug|Any CPU = Debug|Any CPU
		Release|Any CPU = Release|Any CPU
	EndGlobalSection
	GlobalSection(SolutionProperties) = preSolution
		HideSolutionNode = FALSE
	EndGlobalSection
	GlobalSection(ProjectConfigurationPlatforms) = postSolution
		{7943AC47-5863-4500-BD0E-F6B020868FA5}.Debug|Any CPU.ActiveCfg = Debug|Any CPU
		{7943AC47-5863-4500-BD0E-F6B020868FA5}.Debug|Any CPU.Build.0 = Debug|Any CPU
		{7943AC47-5863-4500-BD0E-F6B020868FA5}.Release|Any CPU.ActiveCfg = Release|Any CPU
		{7943AC47-5863-4500-BD0E-F6B020868FA5}.Release|Any CPU.Build.0 = Release|Any CPU
		{2313A7CA-7069-494B-AFA3-4E38BE0AD8F5}.Debug|Any CPU.ActiveCfg = Debug|Any CPU
		{2313A7CA-7069-494B-AFA3-4E38BE0AD8F5}.Debug|Any CPU.Build.0 = Debug|Any CPU
		{2313A7CA-7069-494B-AFA3-4E38BE0AD8F5}.Release|Any CPU.ActiveCfg = Release|Any CPU
		{2313A7CA-7069-494B-AFA3-4E38BE0AD8F5}.Release|Any CPU.Build.0 = Release|Any CPU
	EndGlobalSection
EndGlobal
